// !$*UTF8*$!
{
	archiveVersion = 1;
	classes = {
	};
	objectVersion = 51;
	objects = {

/* Begin PBXBuildFile section */
		1EEFCE22ED706A58022D4A9C /* Pods_DVSTests.framework in Frameworks */ = {isa = PBXBuildFile; fileRef = 378D0609EB2AEC1569DB9352 /* Pods_DVSTests.framework */; };
		5200F8DF22366328009CCF52 /* Helper.swift in Sources */ = {isa = PBXBuildFile; fileRef = 5200F8DE22366328009CCF52 /* Helper.swift */; };
		522788512244B5D3005A284F /* PaddingLabel.swift in Sources */ = {isa = PBXBuildFile; fileRef = 522788502244B5D3005A284F /* PaddingLabel.swift */; };
		5229D2A4222D2EAD00B9F5C9 /* EnterImeiPresenter.swift in Sources */ = {isa = PBXBuildFile; fileRef = 5229D29E222D2EAD00B9F5C9 /* EnterImeiPresenter.swift */; };
		5229D2A5222D2EAD00B9F5C9 /* EnterImeiWorker.swift in Sources */ = {isa = PBXBuildFile; fileRef = 5229D29F222D2EAD00B9F5C9 /* EnterImeiWorker.swift */; };
		5229D2A6222D2EAD00B9F5C9 /* EnterImeiRouter.swift in Sources */ = {isa = PBXBuildFile; fileRef = 5229D2A0222D2EAD00B9F5C9 /* EnterImeiRouter.swift */; };
		5229D2A7222D2EAD00B9F5C9 /* EnterImeiModels.swift in Sources */ = {isa = PBXBuildFile; fileRef = 5229D2A1222D2EAD00B9F5C9 /* EnterImeiModels.swift */; };
		5229D2A8222D2EAD00B9F5C9 /* EnterImeiViewController.swift in Sources */ = {isa = PBXBuildFile; fileRef = 5229D2A2222D2EAD00B9F5C9 /* EnterImeiViewController.swift */; };
		5229D2A9222D2EAD00B9F5C9 /* EnterImeiInteractor.swift in Sources */ = {isa = PBXBuildFile; fileRef = 5229D2A3222D2EAD00B9F5C9 /* EnterImeiInteractor.swift */; };
		52AD3119223253FF0008303D /* DisplayImeiStatusPresenter.swift in Sources */ = {isa = PBXBuildFile; fileRef = 52AD3113223253FF0008303D /* DisplayImeiStatusPresenter.swift */; };
		52AD311A223253FF0008303D /* DisplayImeiStatusWorker.swift in Sources */ = {isa = PBXBuildFile; fileRef = 52AD3114223253FF0008303D /* DisplayImeiStatusWorker.swift */; };
		52AD311B223253FF0008303D /* DisplayImeiStatusRouter.swift in Sources */ = {isa = PBXBuildFile; fileRef = 52AD3115223253FF0008303D /* DisplayImeiStatusRouter.swift */; };
		52AD311C223253FF0008303D /* DisplayImeiStatusModels.swift in Sources */ = {isa = PBXBuildFile; fileRef = 52AD3116223253FF0008303D /* DisplayImeiStatusModels.swift */; };
		52AD311D223253FF0008303D /* DisplayImeiStatusViewController.swift in Sources */ = {isa = PBXBuildFile; fileRef = 52AD3117223253FF0008303D /* DisplayImeiStatusViewController.swift */; };
		52AD311E223253FF0008303D /* DisplayImeiStatusInteractor.swift in Sources */ = {isa = PBXBuildFile; fileRef = 52AD3118223253FF0008303D /* DisplayImeiStatusInteractor.swift */; };
		52C7979421380C98007E870E /* Reachability.swift in Sources */ = {isa = PBXBuildFile; fileRef = 52C7979321380C98007E870E /* Reachability.swift */; };
		52CB194A2240F51E009310F3 /* StatusTableViewCell.xib in Resources */ = {isa = PBXBuildFile; fileRef = 52CB19492240F51E009310F3 /* StatusTableViewCell.xib */; };
		52CB194C22410780009310F3 /* StatusTableViewCell.swift in Sources */ = {isa = PBXBuildFile; fileRef = 52CB194B22410780009310F3 /* StatusTableViewCell.swift */; };
		52D0BEAC20F47D3F00D288EB /* AppDelegate.swift in Sources */ = {isa = PBXBuildFile; fileRef = 52D0BEAB20F47D3F00D288EB /* AppDelegate.swift */; };
		52D0BEB120F47D3F00D288EB /* Main.storyboard in Resources */ = {isa = PBXBuildFile; fileRef = 52D0BEAF20F47D3F00D288EB /* Main.storyboard */; settings = {ASSET_TAGS = (10, 20, ); }; };
		52D0BEB320F47D4100D288EB /* Assets.xcassets in Resources */ = {isa = PBXBuildFile; fileRef = 52D0BEB220F47D4100D288EB /* Assets.xcassets */; };
		52D0BEB620F47D4100D288EB /* LaunchScreen.storyboard in Resources */ = {isa = PBXBuildFile; fileRef = 52D0BEB420F47D4100D288EB /* LaunchScreen.storyboard */; };
		52D0BEC120F47D4100D288EB /* DVSTests.swift in Sources */ = {isa = PBXBuildFile; fileRef = 52D0BEC020F47D4100D288EB /* DVSTests.swift */; };
		52D0BECC20F47D4100D288EB /* DVSUITests.swift in Sources */ = {isa = PBXBuildFile; fileRef = 52D0BECB20F47D4100D288EB /* DVSUITests.swift */; };
		B843D8CF2357191800033262 /* Constant.swift in Sources */ = {isa = PBXBuildFile; fileRef = B843D8CE2357191800033262 /* Constant.swift */; };
		B878B38722CA1488000B52C2 /* Localizable.strings in Resources */ = {isa = PBXBuildFile; fileRef = B878B38922CA1488000B52C2 /* Localizable.strings */; };
		BA68AFF76FC5D6A631479213 /* Pods_DVS.framework in Frameworks */ = {isa = PBXBuildFile; fileRef = 941D31D4C15AD6DFC8722AEA /* Pods_DVS.framework */; };
		CA2DAC6279B93ED678FF8665 /* Pods_DVSUITests.framework in Frameworks */ = {isa = PBXBuildFile; fileRef = FB69E1CD9851F27CD4ED6F1E /* Pods_DVSUITests.framework */; };
/* End PBXBuildFile section */

/* Begin PBXContainerItemProxy section */
		52D0BEBD20F47D4100D288EB /* PBXContainerItemProxy */ = {
			isa = PBXContainerItemProxy;
			containerPortal = 52D0BEA020F47D3E00D288EB /* Project object */;
			proxyType = 1;
			remoteGlobalIDString = 52D0BEA720F47D3E00D288EB;
			remoteInfo = DVS;
		};
		52D0BEC820F47D4100D288EB /* PBXContainerItemProxy */ = {
			isa = PBXContainerItemProxy;
			containerPortal = 52D0BEA020F47D3E00D288EB /* Project object */;
			proxyType = 1;
			remoteGlobalIDString = 52D0BEA720F47D3E00D288EB;
			remoteInfo = DVS;
		};
/* End PBXContainerItemProxy section */

/* Begin PBXFileReference section */
		0A0D186A79C06206915A86DC /* Pods-DVSUITests.release.xcconfig */ = {isa = PBXFileReference; includeInIndex = 1; lastKnownFileType = text.xcconfig; name = "Pods-DVSUITests.release.xcconfig"; path = "Pods/Target Support Files/Pods-DVSUITests/Pods-DVSUITests.release.xcconfig"; sourceTree = "<group>"; };
		378D0609EB2AEC1569DB9352 /* Pods_DVSTests.framework */ = {isa = PBXFileReference; explicitFileType = wrapper.framework; includeInIndex = 0; path = Pods_DVSTests.framework; sourceTree = BUILT_PRODUCTS_DIR; };
		478E2D42889D6D83D9FAF74D /* Pods-DVSUITests.debug.xcconfig */ = {isa = PBXFileReference; includeInIndex = 1; lastKnownFileType = text.xcconfig; name = "Pods-DVSUITests.debug.xcconfig"; path = "Pods/Target Support Files/Pods-DVSUITests/Pods-DVSUITests.debug.xcconfig"; sourceTree = "<group>"; };
		5200F8DE22366328009CCF52 /* Helper.swift */ = {isa = PBXFileReference; lastKnownFileType = sourcecode.swift; path = Helper.swift; sourceTree = "<group>"; };
		5206C74A223779B800DF9765 /* Base */ = {isa = PBXFileReference; lastKnownFileType = file.storyboard; name = Base; path = Base.lproj/Main.storyboard; sourceTree = "<group>"; };
		522788502244B5D3005A284F /* PaddingLabel.swift */ = {isa = PBXFileReference; lastKnownFileType = sourcecode.swift; path = PaddingLabel.swift; sourceTree = "<group>"; };
		5229D29E222D2EAD00B9F5C9 /* EnterImeiPresenter.swift */ = {isa = PBXFileReference; lastKnownFileType = sourcecode.swift; path = EnterImeiPresenter.swift; sourceTree = "<group>"; };
		5229D29F222D2EAD00B9F5C9 /* EnterImeiWorker.swift */ = {isa = PBXFileReference; lastKnownFileType = sourcecode.swift; path = EnterImeiWorker.swift; sourceTree = "<group>"; };
		5229D2A0222D2EAD00B9F5C9 /* EnterImeiRouter.swift */ = {isa = PBXFileReference; lastKnownFileType = sourcecode.swift; path = EnterImeiRouter.swift; sourceTree = "<group>"; };
		5229D2A1222D2EAD00B9F5C9 /* EnterImeiModels.swift */ = {isa = PBXFileReference; lastKnownFileType = sourcecode.swift; path = EnterImeiModels.swift; sourceTree = "<group>"; };
		5229D2A2222D2EAD00B9F5C9 /* EnterImeiViewController.swift */ = {isa = PBXFileReference; lastKnownFileType = sourcecode.swift; path = EnterImeiViewController.swift; sourceTree = "<group>"; };
		5229D2A3222D2EAD00B9F5C9 /* EnterImeiInteractor.swift */ = {isa = PBXFileReference; lastKnownFileType = sourcecode.swift; path = EnterImeiInteractor.swift; sourceTree = "<group>"; };
		52AD3113223253FF0008303D /* DisplayImeiStatusPresenter.swift */ = {isa = PBXFileReference; lastKnownFileType = sourcecode.swift; path = DisplayImeiStatusPresenter.swift; sourceTree = "<group>"; };
		52AD3114223253FF0008303D /* DisplayImeiStatusWorker.swift */ = {isa = PBXFileReference; lastKnownFileType = sourcecode.swift; path = DisplayImeiStatusWorker.swift; sourceTree = "<group>"; };
		52AD3115223253FF0008303D /* DisplayImeiStatusRouter.swift */ = {isa = PBXFileReference; lastKnownFileType = sourcecode.swift; path = DisplayImeiStatusRouter.swift; sourceTree = "<group>"; };
		52AD3116223253FF0008303D /* DisplayImeiStatusModels.swift */ = {isa = PBXFileReference; lastKnownFileType = sourcecode.swift; path = DisplayImeiStatusModels.swift; sourceTree = "<group>"; };
		52AD3117223253FF0008303D /* DisplayImeiStatusViewController.swift */ = {isa = PBXFileReference; lastKnownFileType = sourcecode.swift; path = DisplayImeiStatusViewController.swift; sourceTree = "<group>"; };
		52AD3118223253FF0008303D /* DisplayImeiStatusInteractor.swift */ = {isa = PBXFileReference; lastKnownFileType = sourcecode.swift; path = DisplayImeiStatusInteractor.swift; sourceTree = "<group>"; };
		52C7979321380C98007E870E /* Reachability.swift */ = {isa = PBXFileReference; lastKnownFileType = sourcecode.swift; path = Reachability.swift; sourceTree = "<group>"; };
		52CB19492240F51E009310F3 /* StatusTableViewCell.xib */ = {isa = PBXFileReference; lastKnownFileType = file.xib; path = StatusTableViewCell.xib; sourceTree = "<group>"; };
		52CB194B22410780009310F3 /* StatusTableViewCell.swift */ = {isa = PBXFileReference; lastKnownFileType = sourcecode.swift; path = StatusTableViewCell.swift; sourceTree = "<group>"; };
		52D0BEA820F47D3E00D288EB /* DVS.app */ = {isa = PBXFileReference; explicitFileType = wrapper.application; includeInIndex = 0; path = DVS.app; sourceTree = BUILT_PRODUCTS_DIR; };
		52D0BEAB20F47D3F00D288EB /* AppDelegate.swift */ = {isa = PBXFileReference; lastKnownFileType = sourcecode.swift; path = AppDelegate.swift; sourceTree = "<group>"; };
		52D0BEB220F47D4100D288EB /* Assets.xcassets */ = {isa = PBXFileReference; lastKnownFileType = folder.assetcatalog; path = Assets.xcassets; sourceTree = "<group>"; };
		52D0BEB520F47D4100D288EB /* Base */ = {isa = PBXFileReference; lastKnownFileType = file.storyboard; name = Base; path = Base.lproj/LaunchScreen.storyboard; sourceTree = "<group>"; };
		52D0BEB720F47D4100D288EB /* Info.plist */ = {isa = PBXFileReference; lastKnownFileType = text.plist.xml; path = Info.plist; sourceTree = "<group>"; };
		52D0BEBC20F47D4100D288EB /* DVSTests.xctest */ = {isa = PBXFileReference; explicitFileType = wrapper.cfbundle; includeInIndex = 0; path = DVSTests.xctest; sourceTree = BUILT_PRODUCTS_DIR; };
		52D0BEC020F47D4100D288EB /* DVSTests.swift */ = {isa = PBXFileReference; lastKnownFileType = sourcecode.swift; path = DVSTests.swift; sourceTree = "<group>"; };
		52D0BEC220F47D4100D288EB /* Info.plist */ = {isa = PBXFileReference; lastKnownFileType = text.plist.xml; path = Info.plist; sourceTree = "<group>"; };
		52D0BEC720F47D4100D288EB /* DVSUITests.xctest */ = {isa = PBXFileReference; explicitFileType = wrapper.cfbundle; includeInIndex = 0; path = DVSUITests.xctest; sourceTree = BUILT_PRODUCTS_DIR; };
		52D0BECB20F47D4100D288EB /* DVSUITests.swift */ = {isa = PBXFileReference; lastKnownFileType = sourcecode.swift; path = DVSUITests.swift; sourceTree = "<group>"; };
		52D0BECD20F47D4100D288EB /* Info.plist */ = {isa = PBXFileReference; lastKnownFileType = text.plist.xml; path = Info.plist; sourceTree = "<group>"; };
		8029F9BDAACFB88423E24543 /* Pods-DVSTests.release.xcconfig */ = {isa = PBXFileReference; includeInIndex = 1; lastKnownFileType = text.xcconfig; name = "Pods-DVSTests.release.xcconfig"; path = "Pods/Target Support Files/Pods-DVSTests/Pods-DVSTests.release.xcconfig"; sourceTree = "<group>"; };
		909415C46010CE006E47E627 /* Pods-DVSTests.debug.xcconfig */ = {isa = PBXFileReference; includeInIndex = 1; lastKnownFileType = text.xcconfig; name = "Pods-DVSTests.debug.xcconfig"; path = "Pods/Target Support Files/Pods-DVSTests/Pods-DVSTests.debug.xcconfig"; sourceTree = "<group>"; };
		941D31D4C15AD6DFC8722AEA /* Pods_DVS.framework */ = {isa = PBXFileReference; explicitFileType = wrapper.framework; includeInIndex = 0; path = Pods_DVS.framework; sourceTree = BUILT_PRODUCTS_DIR; };
		B843D8CE2357191800033262 /* Constant.swift */ = {isa = PBXFileReference; lastKnownFileType = sourcecode.swift; path = Constant.swift; sourceTree = "<group>"; };
		B878B38322CA141B000B52C2 /* en */ = {isa = PBXFileReference; lastKnownFileType = text.plist.strings; name = en; path = en.lproj/LaunchScreen.strings; sourceTree = "<group>"; };
		B878B38422CA141B000B52C2 /* en */ = {isa = PBXFileReference; lastKnownFileType = text.plist.strings; name = en; path = en.lproj/Main.strings; sourceTree = "<group>"; };
		B878B38822CA1488000B52C2 /* en */ = {isa = PBXFileReference; lastKnownFileType = text.plist.strings; name = en; path = en.lproj/Localizable.strings; sourceTree = "<group>"; };
		BF7004A80F2CED1B6653F613 /* Pods-DVS.release.xcconfig */ = {isa = PBXFileReference; includeInIndex = 1; lastKnownFileType = text.xcconfig; name = "Pods-DVS.release.xcconfig"; path = "Pods/Target Support Files/Pods-DVS/Pods-DVS.release.xcconfig"; sourceTree = "<group>"; };
		FB69E1CD9851F27CD4ED6F1E /* Pods_DVSUITests.framework */ = {isa = PBXFileReference; explicitFileType = wrapper.framework; includeInIndex = 0; path = Pods_DVSUITests.framework; sourceTree = BUILT_PRODUCTS_DIR; };
		FB71E2F2FD5A2D95915FE24B /* Pods-DVS.debug.xcconfig */ = {isa = PBXFileReference; includeInIndex = 1; lastKnownFileType = text.xcconfig; name = "Pods-DVS.debug.xcconfig"; path = "Pods/Target Support Files/Pods-DVS/Pods-DVS.debug.xcconfig"; sourceTree = "<group>"; };
/* End PBXFileReference section */

/* Begin PBXFrameworksBuildPhase section */
		52D0BEA520F47D3E00D288EB /* Frameworks */ = {
			isa = PBXFrameworksBuildPhase;
			buildActionMask = 2147483647;
			files = (
				BA68AFF76FC5D6A631479213 /* Pods_DVS.framework in Frameworks */,
			);
			runOnlyForDeploymentPostprocessing = 0;
		};
		52D0BEB920F47D4100D288EB /* Frameworks */ = {
			isa = PBXFrameworksBuildPhase;
			buildActionMask = 2147483647;
			files = (
				1EEFCE22ED706A58022D4A9C /* Pods_DVSTests.framework in Frameworks */,
			);
			runOnlyForDeploymentPostprocessing = 0;
		};
		52D0BEC420F47D4100D288EB /* Frameworks */ = {
			isa = PBXFrameworksBuildPhase;
			buildActionMask = 2147483647;
			files = (
				CA2DAC6279B93ED678FF8665 /* Pods_DVSUITests.framework in Frameworks */,
			);
			runOnlyForDeploymentPostprocessing = 0;
		};
/* End PBXFrameworksBuildPhase section */

/* Begin PBXGroup section */
		4B6BD0317294906857B8159E /* Pods */ = {
			isa = PBXGroup;
			children = (
				FB71E2F2FD5A2D95915FE24B /* Pods-DVS.debug.xcconfig */,
				BF7004A80F2CED1B6653F613 /* Pods-DVS.release.xcconfig */,
				909415C46010CE006E47E627 /* Pods-DVSTests.debug.xcconfig */,
				8029F9BDAACFB88423E24543 /* Pods-DVSTests.release.xcconfig */,
				478E2D42889D6D83D9FAF74D /* Pods-DVSUITests.debug.xcconfig */,
				0A0D186A79C06206915A86DC /* Pods-DVSUITests.release.xcconfig */,
			);
			name = Pods;
			sourceTree = "<group>";
		};
		522788522244E97C005A284F /* Utilities */ = {
			isa = PBXGroup;
			children = (
				52C7979321380C98007E870E /* Reachability.swift */,
				5200F8DE22366328009CCF52 /* Helper.swift */,
				52CB194B22410780009310F3 /* StatusTableViewCell.swift */,
				522788502244B5D3005A284F /* PaddingLabel.swift */,
				B843D8CE2357191800033262 /* Constant.swift */,
			);
			path = Utilities;
			sourceTree = "<group>";
		};
		5229D29C222D2E8A00B9F5C9 /* Scenes */ = {
			isa = PBXGroup;
			children = (
				52AD3112223253A20008303D /* DisplayImeiStatus */,
				5229D29D222D2E9100B9F5C9 /* EnterImei */,
			);
			path = Scenes;
			sourceTree = "<group>";
		};
		5229D29D222D2E9100B9F5C9 /* EnterImei */ = {
			isa = PBXGroup;
			children = (
				5229D29E222D2EAD00B9F5C9 /* EnterImeiPresenter.swift */,
				5229D29F222D2EAD00B9F5C9 /* EnterImeiWorker.swift */,
				5229D2A0222D2EAD00B9F5C9 /* EnterImeiRouter.swift */,
				5229D2A1222D2EAD00B9F5C9 /* EnterImeiModels.swift */,
				5229D2A2222D2EAD00B9F5C9 /* EnterImeiViewController.swift */,
				5229D2A3222D2EAD00B9F5C9 /* EnterImeiInteractor.swift */,
			);
			path = EnterImei;
			sourceTree = "<group>";
		};
		52AD3112223253A20008303D /* DisplayImeiStatus */ = {
			isa = PBXGroup;
			children = (
				52AD3113223253FF0008303D /* DisplayImeiStatusPresenter.swift */,
				52AD3114223253FF0008303D /* DisplayImeiStatusWorker.swift */,
				52AD3115223253FF0008303D /* DisplayImeiStatusRouter.swift */,
				52AD3116223253FF0008303D /* DisplayImeiStatusModels.swift */,
				52AD3117223253FF0008303D /* DisplayImeiStatusViewController.swift */,
				52AD3118223253FF0008303D /* DisplayImeiStatusInteractor.swift */,
			);
			path = DisplayImeiStatus;
			sourceTree = "<group>";
		};
		52D0BE9F20F47D3E00D288EB = {
			isa = PBXGroup;
			children = (
				52D0BEAA20F47D3E00D288EB /* DVS */,
				52D0BEBF20F47D4100D288EB /* DVSTests */,
				52D0BECA20F47D4100D288EB /* DVSUITests */,
				52D0BEA920F47D3E00D288EB /* Products */,
				4B6BD0317294906857B8159E /* Pods */,
				DB4D121607F2B0E59D37D1D4 /* Frameworks */,
			);
			sourceTree = "<group>";
		};
		52D0BEA920F47D3E00D288EB /* Products */ = {
			isa = PBXGroup;
			children = (
				52D0BEA820F47D3E00D288EB /* DVS.app */,
				52D0BEBC20F47D4100D288EB /* DVSTests.xctest */,
				52D0BEC720F47D4100D288EB /* DVSUITests.xctest */,
			);
			name = Products;
			sourceTree = "<group>";
		};
		52D0BEAA20F47D3E00D288EB /* DVS */ = {
			isa = PBXGroup;
			children = (
				522788522244E97C005A284F /* Utilities */,
				5229D29C222D2E8A00B9F5C9 /* Scenes */,
				52D0BEAB20F47D3F00D288EB /* AppDelegate.swift */,
				B878B38922CA1488000B52C2 /* Localizable.strings */,
				52D0BEB220F47D4100D288EB /* Assets.xcassets */,
				52D0BEB720F47D4100D288EB /* Info.plist */,
				52D0BEB420F47D4100D288EB /* LaunchScreen.storyboard */,
				52D0BEAF20F47D3F00D288EB /* Main.storyboard */,
				52CB19492240F51E009310F3 /* StatusTableViewCell.xib */,
			);
			path = DVS;
			sourceTree = "<group>";
		};
		52D0BEBF20F47D4100D288EB /* DVSTests */ = {
			isa = PBXGroup;
			children = (
				52D0BEC020F47D4100D288EB /* DVSTests.swift */,
				52D0BEC220F47D4100D288EB /* Info.plist */,
			);
			path = DVSTests;
			sourceTree = "<group>";
		};
		52D0BECA20F47D4100D288EB /* DVSUITests */ = {
			isa = PBXGroup;
			children = (
				52D0BECB20F47D4100D288EB /* DVSUITests.swift */,
				52D0BECD20F47D4100D288EB /* Info.plist */,
			);
			path = DVSUITests;
			sourceTree = "<group>";
		};
		DB4D121607F2B0E59D37D1D4 /* Frameworks */ = {
			isa = PBXGroup;
			children = (
				941D31D4C15AD6DFC8722AEA /* Pods_DVS.framework */,
				378D0609EB2AEC1569DB9352 /* Pods_DVSTests.framework */,
				FB69E1CD9851F27CD4ED6F1E /* Pods_DVSUITests.framework */,
			);
			name = Frameworks;
			sourceTree = "<group>";
		};
/* End PBXGroup section */

/* Begin PBXNativeTarget section */
		52D0BEA720F47D3E00D288EB /* DVS */ = {
			isa = PBXNativeTarget;
			buildConfigurationList = 52D0BED020F47D4100D288EB /* Build configuration list for PBXNativeTarget "DVS" */;
			buildPhases = (
				1958B3FABA250D94E8EE5697 /* [CP] Check Pods Manifest.lock */,
				52D0BEA420F47D3E00D288EB /* Sources */,
				52D0BEA520F47D3E00D288EB /* Frameworks */,
				52D0BEA620F47D3E00D288EB /* Resources */,
				D899D10D0FEF614F24C95368 /* [CP] Embed Pods Frameworks */,
			);
			buildRules = (
			);
			dependencies = (
			);
			name = DVS;
			productName = DVS;
			productReference = 52D0BEA820F47D3E00D288EB /* DVS.app */;
			productType = "com.apple.product-type.application";
		};
		52D0BEBB20F47D4100D288EB /* DVSTests */ = {
			isa = PBXNativeTarget;
			buildConfigurationList = 52D0BED320F47D4100D288EB /* Build configuration list for PBXNativeTarget "DVSTests" */;
			buildPhases = (
				7178FD5905053769405898EA /* [CP] Check Pods Manifest.lock */,
				52D0BEB820F47D4100D288EB /* Sources */,
				52D0BEB920F47D4100D288EB /* Frameworks */,
				52D0BEBA20F47D4100D288EB /* Resources */,
			);
			buildRules = (
			);
			dependencies = (
				52D0BEBE20F47D4100D288EB /* PBXTargetDependency */,
			);
			name = DVSTests;
			productName = DVSTests;
			productReference = 52D0BEBC20F47D4100D288EB /* DVSTests.xctest */;
			productType = "com.apple.product-type.bundle.unit-test";
		};
		52D0BEC620F47D4100D288EB /* DVSUITests */ = {
			isa = PBXNativeTarget;
			buildConfigurationList = 52D0BED620F47D4100D288EB /* Build configuration list for PBXNativeTarget "DVSUITests" */;
			buildPhases = (
				B35B9E98AD1522BF1A7BA0E9 /* [CP] Check Pods Manifest.lock */,
				52D0BEC320F47D4100D288EB /* Sources */,
				52D0BEC420F47D4100D288EB /* Frameworks */,
				52D0BEC520F47D4100D288EB /* Resources */,
			);
			buildRules = (
			);
			dependencies = (
				52D0BEC920F47D4100D288EB /* PBXTargetDependency */,
			);
			name = DVSUITests;
			productName = DVSUITests;
			productReference = 52D0BEC720F47D4100D288EB /* DVSUITests.xctest */;
			productType = "com.apple.product-type.bundle.ui-testing";
		};
/* End PBXNativeTarget section */

/* Begin PBXProject section */
		52D0BEA020F47D3E00D288EB /* Project object */ = {
			isa = PBXProject;
			attributes = {
				KnownAssetTags = (
					10,
					20,
				);
				LastSwiftUpdateCheck = 0940;
				LastUpgradeCheck = 0940;
				ORGANIZATIONNAME = qualcomm;
				TargetAttributes = {
					52D0BEA720F47D3E00D288EB = {
						CreatedOnToolsVersion = 9.4.1;
					};
					52D0BEBB20F47D4100D288EB = {
						CreatedOnToolsVersion = 9.4.1;
						TestTargetID = 52D0BEA720F47D3E00D288EB;
					};
					52D0BEC620F47D4100D288EB = {
						CreatedOnToolsVersion = 9.4.1;
						TestTargetID = 52D0BEA720F47D3E00D288EB;
					};
				};
			};
			buildConfigurationList = 52D0BEA320F47D3E00D288EB /* Build configuration list for PBXProject "DVS" */;
			compatibilityVersion = "Xcode 9.3";
			developmentRegion = en;
			hasScannedForEncodings = 0;
			knownRegions = (
				Base,
			);
			mainGroup = 52D0BE9F20F47D3E00D288EB;
			productRefGroup = 52D0BEA920F47D3E00D288EB /* Products */;
			projectDirPath = "";
			projectRoot = "";
			targets = (
				52D0BEA720F47D3E00D288EB /* DVS */,
				52D0BEBB20F47D4100D288EB /* DVSTests */,
				52D0BEC620F47D4100D288EB /* DVSUITests */,
			);
		};
/* End PBXProject section */

/* Begin PBXResourcesBuildPhase section */
		52D0BEA620F47D3E00D288EB /* Resources */ = {
			isa = PBXResourcesBuildPhase;
			buildActionMask = 2147483647;
			files = (
				B878B38722CA1488000B52C2 /* Localizable.strings in Resources */,
				52D0BEB620F47D4100D288EB /* LaunchScreen.storyboard in Resources */,
				52CB194A2240F51E009310F3 /* StatusTableViewCell.xib in Resources */,
				52D0BEB320F47D4100D288EB /* Assets.xcassets in Resources */,
				52D0BEB120F47D3F00D288EB /* Main.storyboard in Resources */,
			);
			runOnlyForDeploymentPostprocessing = 0;
		};
		52D0BEBA20F47D4100D288EB /* Resources */ = {
			isa = PBXResourcesBuildPhase;
			buildActionMask = 2147483647;
			files = (
			);
			runOnlyForDeploymentPostprocessing = 0;
		};
		52D0BEC520F47D4100D288EB /* Resources */ = {
			isa = PBXResourcesBuildPhase;
			buildActionMask = 2147483647;
			files = (
			);
			runOnlyForDeploymentPostprocessing = 0;
		};
/* End PBXResourcesBuildPhase section */

/* Begin PBXShellScriptBuildPhase section */
		1958B3FABA250D94E8EE5697 /* [CP] Check Pods Manifest.lock */ = {
			isa = PBXShellScriptBuildPhase;
			buildActionMask = 2147483647;
			files = (
			);
			inputPaths = (
				"${PODS_PODFILE_DIR_PATH}/Podfile.lock",
				"${PODS_ROOT}/Manifest.lock",
			);
			name = "[CP] Check Pods Manifest.lock";
			outputPaths = (
				"$(DERIVED_FILE_DIR)/Pods-DVS-checkManifestLockResult.txt",
			);
			runOnlyForDeploymentPostprocessing = 0;
			shellPath = /bin/sh;
			shellScript = "diff \"${PODS_PODFILE_DIR_PATH}/Podfile.lock\" \"${PODS_ROOT}/Manifest.lock\" > /dev/null\nif [ $? != 0 ] ; then\n    # print error to STDERR\n    echo \"error: The sandbox is not in sync with the Podfile.lock. Run 'pod install' or update your CocoaPods installation.\" >&2\n    exit 1\nfi\n# This output is used by Xcode 'outputs' to avoid re-running this script phase.\necho \"SUCCESS\" > \"${SCRIPT_OUTPUT_FILE_0}\"\n";
			showEnvVarsInLog = 0;
		};
		7178FD5905053769405898EA /* [CP] Check Pods Manifest.lock */ = {
			isa = PBXShellScriptBuildPhase;
			buildActionMask = 2147483647;
			files = (
			);
			inputPaths = (
				"${PODS_PODFILE_DIR_PATH}/Podfile.lock",
				"${PODS_ROOT}/Manifest.lock",
			);
			name = "[CP] Check Pods Manifest.lock";
			outputPaths = (
				"$(DERIVED_FILE_DIR)/Pods-DVSTests-checkManifestLockResult.txt",
			);
			runOnlyForDeploymentPostprocessing = 0;
			shellPath = /bin/sh;
			shellScript = "diff \"${PODS_PODFILE_DIR_PATH}/Podfile.lock\" \"${PODS_ROOT}/Manifest.lock\" > /dev/null\nif [ $? != 0 ] ; then\n    # print error to STDERR\n    echo \"error: The sandbox is not in sync with the Podfile.lock. Run 'pod install' or update your CocoaPods installation.\" >&2\n    exit 1\nfi\n# This output is used by Xcode 'outputs' to avoid re-running this script phase.\necho \"SUCCESS\" > \"${SCRIPT_OUTPUT_FILE_0}\"\n";
			showEnvVarsInLog = 0;
		};
		B35B9E98AD1522BF1A7BA0E9 /* [CP] Check Pods Manifest.lock */ = {
			isa = PBXShellScriptBuildPhase;
			buildActionMask = 2147483647;
			files = (
			);
			inputPaths = (
				"${PODS_PODFILE_DIR_PATH}/Podfile.lock",
				"${PODS_ROOT}/Manifest.lock",
			);
			name = "[CP] Check Pods Manifest.lock";
			outputPaths = (
				"$(DERIVED_FILE_DIR)/Pods-DVSUITests-checkManifestLockResult.txt",
			);
			runOnlyForDeploymentPostprocessing = 0;
			shellPath = /bin/sh;
			shellScript = "diff \"${PODS_PODFILE_DIR_PATH}/Podfile.lock\" \"${PODS_ROOT}/Manifest.lock\" > /dev/null\nif [ $? != 0 ] ; then\n    # print error to STDERR\n    echo \"error: The sandbox is not in sync with the Podfile.lock. Run 'pod install' or update your CocoaPods installation.\" >&2\n    exit 1\nfi\n# This output is used by Xcode 'outputs' to avoid re-running this script phase.\necho \"SUCCESS\" > \"${SCRIPT_OUTPUT_FILE_0}\"\n";
			showEnvVarsInLog = 0;
		};
		D899D10D0FEF614F24C95368 /* [CP] Embed Pods Frameworks */ = {
			isa = PBXShellScriptBuildPhase;
			buildActionMask = 2147483647;
			files = (
			);
			inputFileListPaths = (
				"${PODS_ROOT}/Target Support Files/Pods-DVS/Pods-DVS-frameworks-${CONFIGURATION}-input-files.xcfilelist",
			);
			name = "[CP] Embed Pods Frameworks";
			outputFileListPaths = (
				"${PODS_ROOT}/Target Support Files/Pods-DVS/Pods-DVS-frameworks-${CONFIGURATION}-output-files.xcfilelist",
			);
			runOnlyForDeploymentPostprocessing = 0;
			shellPath = /bin/sh;
			shellScript = "\"${PODS_ROOT}/Target Support Files/Pods-DVS/Pods-DVS-frameworks.sh\"\n";
			showEnvVarsInLog = 0;
		};
/* End PBXShellScriptBuildPhase section */

/* Begin PBXSourcesBuildPhase section */
		52D0BEA420F47D3E00D288EB /* Sources */ = {
			isa = PBXSourcesBuildPhase;
			buildActionMask = 2147483647;
			files = (
				5229D2A4222D2EAD00B9F5C9 /* EnterImeiPresenter.swift in Sources */,
				52AD3119223253FF0008303D /* DisplayImeiStatusPresenter.swift in Sources */,
				52AD311A223253FF0008303D /* DisplayImeiStatusWorker.swift in Sources */,
				52CB194C22410780009310F3 /* StatusTableViewCell.swift in Sources */,
				5200F8DF22366328009CCF52 /* Helper.swift in Sources */,
				5229D2A6222D2EAD00B9F5C9 /* EnterImeiRouter.swift in Sources */,
				52AD311C223253FF0008303D /* DisplayImeiStatusModels.swift in Sources */,
				52C7979421380C98007E870E /* Reachability.swift in Sources */,
				52AD311B223253FF0008303D /* DisplayImeiStatusRouter.swift in Sources */,
				5229D2A8222D2EAD00B9F5C9 /* EnterImeiViewController.swift in Sources */,
				52D0BEAC20F47D3F00D288EB /* AppDelegate.swift in Sources */,
				B843D8CF2357191800033262 /* Constant.swift in Sources */,
				52AD311E223253FF0008303D /* DisplayImeiStatusInteractor.swift in Sources */,
				5229D2A7222D2EAD00B9F5C9 /* EnterImeiModels.swift in Sources */,
				522788512244B5D3005A284F /* PaddingLabel.swift in Sources */,
				52AD311D223253FF0008303D /* DisplayImeiStatusViewController.swift in Sources */,
				5229D2A9222D2EAD00B9F5C9 /* EnterImeiInteractor.swift in Sources */,
				5229D2A5222D2EAD00B9F5C9 /* EnterImeiWorker.swift in Sources */,
			);
			runOnlyForDeploymentPostprocessing = 0;
		};
		52D0BEB820F47D4100D288EB /* Sources */ = {
			isa = PBXSourcesBuildPhase;
			buildActionMask = 2147483647;
			files = (
				52D0BEC120F47D4100D288EB /* DVSTests.swift in Sources */,
			);
			runOnlyForDeploymentPostprocessing = 0;
		};
		52D0BEC320F47D4100D288EB /* Sources */ = {
			isa = PBXSourcesBuildPhase;
			buildActionMask = 2147483647;
			files = (
				52D0BECC20F47D4100D288EB /* DVSUITests.swift in Sources */,
			);
			runOnlyForDeploymentPostprocessing = 0;
		};
/* End PBXSourcesBuildPhase section */

/* Begin PBXTargetDependency section */
		52D0BEBE20F47D4100D288EB /* PBXTargetDependency */ = {
			isa = PBXTargetDependency;
			target = 52D0BEA720F47D3E00D288EB /* DVS */;
			targetProxy = 52D0BEBD20F47D4100D288EB /* PBXContainerItemProxy */;
		};
		52D0BEC920F47D4100D288EB /* PBXTargetDependency */ = {
			isa = PBXTargetDependency;
			target = 52D0BEA720F47D3E00D288EB /* DVS */;
			targetProxy = 52D0BEC820F47D4100D288EB /* PBXContainerItemProxy */;
		};
/* End PBXTargetDependency section */

/* Begin PBXVariantGroup section */
		52D0BEAF20F47D3F00D288EB /* Main.storyboard */ = {
			isa = PBXVariantGroup;
			children = (
				5206C74A223779B800DF9765 /* Base */,
				B878B38422CA141B000B52C2 /* en */,
			);
			name = Main.storyboard;
			sourceTree = "<group>";
		};
		52D0BEB420F47D4100D288EB /* LaunchScreen.storyboard */ = {
			isa = PBXVariantGroup;
			children = (
				52D0BEB520F47D4100D288EB /* Base */,
				B878B38322CA141B000B52C2 /* en */,
			);
			name = LaunchScreen.storyboard;
			sourceTree = "<group>";
		};
		B878B38922CA1488000B52C2 /* Localizable.strings */ = {
			isa = PBXVariantGroup;
			children = (
				B878B38822CA1488000B52C2 /* en */,
			);
			name = Localizable.strings;
			sourceTree = "<group>";
		};
/* End PBXVariantGroup section */

/* Begin XCBuildConfiguration section */
		52D0BECE20F47D4100D288EB /* Debug */ = {
			isa = XCBuildConfiguration;
			buildSettings = {
				ALWAYS_SEARCH_USER_PATHS = NO;
				CLANG_ANALYZER_LOCALIZABILITY_NONLOCALIZED = YES;
				CLANG_ANALYZER_NONNULL = YES;
				CLANG_ANALYZER_NUMBER_OBJECT_CONVERSION = YES_AGGRESSIVE;
				CLANG_CXX_LANGUAGE_STANDARD = "gnu++14";
				CLANG_CXX_LIBRARY = "libc++";
				CLANG_ENABLE_MODULES = YES;
				CLANG_ENABLE_OBJC_ARC = YES;
				CLANG_ENABLE_OBJC_WEAK = YES;
				CLANG_WARN_BLOCK_CAPTURE_AUTORELEASING = YES;
				CLANG_WARN_BOOL_CONVERSION = YES;
				CLANG_WARN_COMMA = YES;
				CLANG_WARN_CONSTANT_CONVERSION = YES;
				CLANG_WARN_DEPRECATED_OBJC_IMPLEMENTATIONS = YES;
				CLANG_WARN_DIRECT_OBJC_ISA_USAGE = YES_ERROR;
				CLANG_WARN_DOCUMENTATION_COMMENTS = YES;
				CLANG_WARN_EMPTY_BODY = YES;
				CLANG_WARN_ENUM_CONVERSION = YES;
				CLANG_WARN_INFINITE_RECURSION = YES;
				CLANG_WARN_INT_CONVERSION = YES;
				CLANG_WARN_NON_LITERAL_NULL_CONVERSION = YES;
				CLANG_WARN_OBJC_IMPLICIT_RETAIN_SELF = YES;
				CLANG_WARN_OBJC_LITERAL_CONVERSION = YES;
				CLANG_WARN_OBJC_ROOT_CLASS = YES_ERROR;
				CLANG_WARN_RANGE_LOOP_ANALYSIS = YES;
				CLANG_WARN_STRICT_PROTOTYPES = YES;
				CLANG_WARN_SUSPICIOUS_MOVE = YES;
				CLANG_WARN_UNGUARDED_AVAILABILITY = YES_AGGRESSIVE;
				CLANG_WARN_UNREACHABLE_CODE = YES;
				CLANG_WARN__DUPLICATE_METHOD_MATCH = YES;
				CODE_SIGN_IDENTITY = "iPhone Developer";
				COPY_PHASE_STRIP = NO;
				DEBUG_INFORMATION_FORMAT = dwarf;
				ENABLE_STRICT_OBJC_MSGSEND = YES;
				ENABLE_TESTABILITY = YES;
				GCC_C_LANGUAGE_STANDARD = gnu11;
				GCC_DYNAMIC_NO_PIC = NO;
				GCC_NO_COMMON_BLOCKS = YES;
				GCC_OPTIMIZATION_LEVEL = 0;
				GCC_PREPROCESSOR_DEFINITIONS = (
					"DEBUG=1",
					"$(inherited)",
				);
				GCC_WARN_64_TO_32_BIT_CONVERSION = YES;
				GCC_WARN_ABOUT_RETURN_TYPE = YES_ERROR;
				GCC_WARN_UNDECLARED_SELECTOR = YES;
				GCC_WARN_UNINITIALIZED_AUTOS = YES_AGGRESSIVE;
				GCC_WARN_UNUSED_FUNCTION = YES;
				GCC_WARN_UNUSED_VARIABLE = YES;
				IPHONEOS_DEPLOYMENT_TARGET = 11.4;
				MTL_ENABLE_DEBUG_INFO = YES;
				ONLY_ACTIVE_ARCH = YES;
				SDKROOT = iphoneos;
				SWIFT_ACTIVE_COMPILATION_CONDITIONS = DEBUG;
				SWIFT_OPTIMIZATION_LEVEL = "-Onone";
			};
			name = Debug;
		};
		52D0BECF20F47D4100D288EB /* Release */ = {
			isa = XCBuildConfiguration;
			buildSettings = {
				ALWAYS_SEARCH_USER_PATHS = NO;
				CLANG_ANALYZER_LOCALIZABILITY_NONLOCALIZED = YES;
				CLANG_ANALYZER_NONNULL = YES;
				CLANG_ANALYZER_NUMBER_OBJECT_CONVERSION = YES_AGGRESSIVE;
				CLANG_CXX_LANGUAGE_STANDARD = "gnu++14";
				CLANG_CXX_LIBRARY = "libc++";
				CLANG_ENABLE_MODULES = YES;
				CLANG_ENABLE_OBJC_ARC = YES;
				CLANG_ENABLE_OBJC_WEAK = YES;
				CLANG_WARN_BLOCK_CAPTURE_AUTORELEASING = YES;
				CLANG_WARN_BOOL_CONVERSION = YES;
				CLANG_WARN_COMMA = YES;
				CLANG_WARN_CONSTANT_CONVERSION = YES;
				CLANG_WARN_DEPRECATED_OBJC_IMPLEMENTATIONS = YES;
				CLANG_WARN_DIRECT_OBJC_ISA_USAGE = YES_ERROR;
				CLANG_WARN_DOCUMENTATION_COMMENTS = YES;
				CLANG_WARN_EMPTY_BODY = YES;
				CLANG_WARN_ENUM_CONVERSION = YES;
				CLANG_WARN_INFINITE_RECURSION = YES;
				CLANG_WARN_INT_CONVERSION = YES;
				CLANG_WARN_NON_LITERAL_NULL_CONVERSION = YES;
				CLANG_WARN_OBJC_IMPLICIT_RETAIN_SELF = YES;
				CLANG_WARN_OBJC_LITERAL_CONVERSION = YES;
				CLANG_WARN_OBJC_ROOT_CLASS = YES_ERROR;
				CLANG_WARN_RANGE_LOOP_ANALYSIS = YES;
				CLANG_WARN_STRICT_PROTOTYPES = YES;
				CLANG_WARN_SUSPICIOUS_MOVE = YES;
				CLANG_WARN_UNGUARDED_AVAILABILITY = YES_AGGRESSIVE;
				CLANG_WARN_UNREACHABLE_CODE = YES;
				CLANG_WARN__DUPLICATE_METHOD_MATCH = YES;
				CODE_SIGN_IDENTITY = "iPhone Developer";
				COPY_PHASE_STRIP = NO;
				DEBUG_INFORMATION_FORMAT = "dwarf-with-dsym";
				ENABLE_NS_ASSERTIONS = NO;
				ENABLE_STRICT_OBJC_MSGSEND = YES;
				GCC_C_LANGUAGE_STANDARD = gnu11;
				GCC_NO_COMMON_BLOCKS = YES;
				GCC_WARN_64_TO_32_BIT_CONVERSION = YES;
				GCC_WARN_ABOUT_RETURN_TYPE = YES_ERROR;
				GCC_WARN_UNDECLARED_SELECTOR = YES;
				GCC_WARN_UNINITIALIZED_AUTOS = YES_AGGRESSIVE;
				GCC_WARN_UNUSED_FUNCTION = YES;
				GCC_WARN_UNUSED_VARIABLE = YES;
				IPHONEOS_DEPLOYMENT_TARGET = 11.4;
				MTL_ENABLE_DEBUG_INFO = NO;
				SDKROOT = iphoneos;
				SWIFT_COMPILATION_MODE = wholemodule;
				SWIFT_OPTIMIZATION_LEVEL = "-O";
				VALIDATE_PRODUCT = YES;
			};
			name = Release;
		};
		52D0BED120F47D4100D288EB /* Debug */ = {
			isa = XCBuildConfiguration;
			baseConfigurationReference = FB71E2F2FD5A2D95915FE24B /* Pods-DVS.debug.xcconfig */;
			buildSettings = {
				ASSETCATALOG_COMPILER_APPICON_NAME = AppIcon;
				CODE_SIGN_IDENTITY = "iPhone Developer";
				CODE_SIGN_STYLE = Automatic;
				DEVELOPMENT_TEAM = DR3BYA74G8;
				INFOPLIST_FILE = DVS/Info.plist;
				IPHONEOS_DEPLOYMENT_TARGET = 9.0;
				LD_RUNPATH_SEARCH_PATHS = (
					"$(inherited)",
					"@executable_path/Frameworks",
				);
				PRODUCT_BUNDLE_IDENTIFIER = com.qualcomm.public.dirbs.dvs;
				PRODUCT_NAME = "$(TARGET_NAME)";
				PROVISIONING_PROFILE_SPECIFIER = "";
				SWIFT_VERSION = 4.0;
				TARGETED_DEVICE_FAMILY = "1,2";
			};
			name = Debug;
		};
		52D0BED220F47D4100D288EB /* Release */ = {
			isa = XCBuildConfiguration;
			baseConfigurationReference = BF7004A80F2CED1B6653F613 /* Pods-DVS.release.xcconfig */;
			buildSettings = {
				ASSETCATALOG_COMPILER_APPICON_NAME = AppIcon;
				CODE_SIGN_IDENTITY = "iPhone Developer";
				CODE_SIGN_STYLE = Automatic;
				DEVELOPMENT_TEAM = DR3BYA74G8;
				INFOPLIST_FILE = DVS/Info.plist;
				IPHONEOS_DEPLOYMENT_TARGET = 9.0;
				LD_RUNPATH_SEARCH_PATHS = (
					"$(inherited)",
					"@executable_path/Frameworks",
				);
				PRODUCT_BUNDLE_IDENTIFIER = com.qualcomm.public.dirbs.dvs;
				PRODUCT_NAME = "$(TARGET_NAME)";
				PROVISIONING_PROFILE_SPECIFIER = "";
				SWIFT_VERSION = 4.0;
				TARGETED_DEVICE_FAMILY = "1,2";
			};
			name = Release;
		};
		52D0BED420F47D4100D288EB /* Debug */ = {
			isa = XCBuildConfiguration;
			baseConfigurationReference = 909415C46010CE006E47E627 /* Pods-DVSTests.debug.xcconfig */;
			buildSettings = {
				ALWAYS_EMBED_SWIFT_STANDARD_LIBRARIES = YES;
				BUNDLE_LOADER = "$(TEST_HOST)";
				CODE_SIGN_STYLE = Automatic;
				INFOPLIST_FILE = DVSTests/Info.plist;
				LD_RUNPATH_SEARCH_PATHS = (
					"$(inherited)",
					"@executable_path/Frameworks",
					"@loader_path/Frameworks",
				);
				PRODUCT_BUNDLE_IDENTIFIER = com.qualcomm.public.DVSTests;
				PRODUCT_NAME = "$(TARGET_NAME)";
				SWIFT_VERSION = 4.0;
				TARGETED_DEVICE_FAMILY = "1,2";
				TEST_HOST = "$(BUILT_PRODUCTS_DIR)/DVS.app/DVS";
			};
			name = Debug;
		};
		52D0BED520F47D4100D288EB /* Release */ = {
			isa = XCBuildConfiguration;
			baseConfigurationReference = 8029F9BDAACFB88423E24543 /* Pods-DVSTests.release.xcconfig */;
			buildSettings = {
				ALWAYS_EMBED_SWIFT_STANDARD_LIBRARIES = YES;
				BUNDLE_LOADER = "$(TEST_HOST)";
				CODE_SIGN_STYLE = Automatic;
				INFOPLIST_FILE = DVSTests/Info.plist;
				LD_RUNPATH_SEARCH_PATHS = (
					"$(inherited)",
					"@executable_path/Frameworks",
					"@loader_path/Frameworks",
				);
				PRODUCT_BUNDLE_IDENTIFIER = com.qualcomm.public.DVSTests;
				PRODUCT_NAME = "$(TARGET_NAME)";
				SWIFT_VERSION = 4.0;
				TARGETED_DEVICE_FAMILY = "1,2";
				TEST_HOST = "$(BUILT_PRODUCTS_DIR)/DVS.app/DVS";
			};
			name = Release;
		};
		52D0BED720F47D4100D288EB /* Debug */ = {
			isa = XCBuildConfiguration;
			baseConfigurationReference = 478E2D42889D6D83D9FAF74D /* Pods-DVSUITests.debug.xcconfig */;
			buildSettings = {
				ALWAYS_EMBED_SWIFT_STANDARD_LIBRARIES = YES;
				CODE_SIGN_STYLE = Automatic;
				INFOPLIST_FILE = DVSUITests/Info.plist;
				LD_RUNPATH_SEARCH_PATHS = (
					"$(inherited)",
					"@executable_path/Frameworks",
					"@loader_path/Frameworks",
				);
				PRODUCT_BUNDLE_IDENTIFIER = com.qualcomm.public.DVSUITests;
				PRODUCT_NAME = "$(TARGET_NAME)";
				SWIFT_VERSION = 4.0;
				TARGETED_DEVICE_FAMILY = "1,2";
				TEST_TARGET_NAME = DVS;
			};
			name = Debug;
		};
		52D0BED820F47D4100D288EB /* Release */ = {
			isa = XCBuildConfiguration;
			baseConfigurationReference = 0A0D186A79C06206915A86DC /* Pods-DVSUITests.release.xcconfig */;
			buildSettings = {
				ALWAYS_EMBED_SWIFT_STANDARD_LIBRARIES = YES;
				CODE_SIGN_STYLE = Automatic;
				INFOPLIST_FILE = DVSUITests/Info.plist;
				LD_RUNPATH_SEARCH_PATHS = (
					"$(inherited)",
					"@executable_path/Frameworks",
					"@loader_path/Frameworks",
				);
				PRODUCT_BUNDLE_IDENTIFIER = com.qualcomm.public.DVSUITests;
				PRODUCT_NAME = "$(TARGET_NAME)";
				SWIFT_VERSION = 4.0;
				TARGETED_DEVICE_FAMILY = "1,2";
				TEST_TARGET_NAME = DVS;
			};
			name = Release;
		};
/* End XCBuildConfiguration section */

/* Begin XCConfigurationList section */
		52D0BEA320F47D3E00D288EB /* Build configuration list for PBXProject "DVS" */ = {
			isa = XCConfigurationList;
			buildConfigurations = (
				52D0BECE20F47D4100D288EB /* Debug */,
				52D0BECF20F47D4100D288EB /* Release */,
			);
			defaultConfigurationIsVisible = 0;
			defaultConfigurationName = Release;
		};
		52D0BED020F47D4100D288EB /* Build configuration list for PBXNativeTarget "DVS" */ = {
			isa = XCConfigurationList;
			buildConfigurations = (
				52D0BED120F47D4100D288EB /* Debug */,
				52D0BED220F47D4100D288EB /* Release */,
			);
			defaultConfigurationIsVisible = 0;
			defaultConfigurationName = Release;
		};
		52D0BED320F47D4100D288EB /* Build configuration list for PBXNativeTarget "DVSTests" */ = {
			isa = XCConfigurationList;
			buildConfigurations = (
				52D0BED420F47D4100D288EB /* Debug */,
				52D0BED520F47D4100D288EB /* Release */,
			);
			defaultConfigurationIsVisible = 0;
			defaultConfigurationName = Release;
		};
		52D0BED620F47D4100D288EB /* Build configuration list for PBXNativeTarget "DVSUITests" */ = {
			isa = XCConfigurationList;
			buildConfigurations = (
				52D0BED720F47D4100D288EB /* Debug */,
				52D0BED820F47D4100D288EB /* Release */,
			);
			defaultConfigurationIsVisible = 0;
			defaultConfigurationName = Release;
		};
/* End XCConfigurationList section */
	};
	rootObject = 52D0BEA020F47D3E00D288EB /* Project object */;
}
